
Microsoft Visual Studio Solution File, Format Version 12.00
# Visual Studio 15
VisualStudioVersion = 15.0.28307.271
MinimumVisualStudioVersion = 10.0.40219.1
Project("{FAE04EC0-301F-11D3-BF4B-00C04F79EFBC}") = "Agenda_CRUD", "Agenda_CRUD\Agenda_CRUD.csproj", "{0E8EA99A-621C-41FC-8315-B5E8EE4F2F50}"
EndProject
Global
	GlobalSection(SolutionConfigurationPlatforms) = preSolution
		Debug|Any CPU = Debug|Any CPU
		Release|Any CPU = Release|Any CPU
	EndGlobalSection
	GlobalSection(ProjectConfigurationPlatforms) = postSolution
		{0E8EA99A-621C-41FC-8315-B5E8EE4F2F50}.Debug|Any CPU.ActiveCfg = Debug|Any CPU
		{0E8EA99A-621C-41FC-8315-B5E8EE4F2F50}.Debug|Any CPU.Build.0 = Debug|Any CPU
		{0E8EA99A-621C-41FC-8315-B5E8EE4F2F50}.Release|Any CPU.ActiveCfg = Release|Any CPU
		{0E8EA99A-621C-41FC-8315-B5E8EE4F2F50}.Release|Any CPU.Build.0 = Release|Any CPU
	EndGlobalSection
	GlobalSection(SolutionProperties) = preSolution
		HideSolutionNode = FALSE
	EndGlobalSection
	GlobalSection(ExtensibilityGlobals) = postSolution
		SolutionGuid = {A207C4C2-A57A-48FD-9C00-7D2A168EEC73}
	EndGlobalSection
EndGlobal
